
Microsoft Visual Studio Solution File, Format Version 12.00
# Visual Studio 15
VisualStudioVersion = 15.0.26228.4
MinimumVisualStudioVersion = 10.0.40219.1
Project("{FAE04EC0-301F-11D3-BF4B-00C04F79EFBC}") = "QuantitaiveTransactionDLL", "QuantitaiveTransactionDLL\QuantitaiveTransactionDLL.csproj", "{5AF01433-B468-4087-AC4B-763B076E107D}"
EndProject
Project("{FAE04EC0-301F-11D3-BF4B-00C04F79EFBC}") = "stock_crawl_demo", "stock_crawl\stock_crawl_demo.csproj", "{C2B71E7B-473A-4033-B0D7-C12DA97AFC3D}"
EndProject
Project("{FAE04EC0-301F-11D3-BF4B-00C04F79EFBC}") = "Crawler", "Crawler\Crawler.csproj", "{5C8A0796-56D9-49AE-8D76-EC0A78AA628C}"
EndProject
Project("{FAE04EC0-301F-11D3-BF4B-00C04F79EFBC}") = "master program", "master program\master program.csproj", "{DA0B7AF5-BE54-4FED-8B46-BD63EA5EA8C2}"
EndProject
Project("{FAE04EC0-301F-11D3-BF4B-00C04F79EFBC}") = "CrawlerWinForm", "CrawlerWinForm\CrawlerWinForm.csproj", "{85BEAAA0-CB70-40FE-B3BF-A2530DF60A43}"
EndProject
Global
	GlobalSection(SolutionConfigurationPlatforms) = preSolution
		Debug|Any CPU = Debug|Any CPU
		Release|Any CPU = Release|Any CPU
	EndGlobalSection
	GlobalSection(ProjectConfigurationPlatforms) = postSolution
		{5AF01433-B468-4087-AC4B-763B076E107D}.Debug|Any CPU.ActiveCfg = Debug|Any CPU
		{5AF01433-B468-4087-AC4B-763B076E107D}.Debug|Any CPU.Build.0 = Debug|Any CPU
		{5AF01433-B468-4087-AC4B-763B076E107D}.Release|Any CPU.ActiveCfg = Release|Any CPU
		{5AF01433-B468-4087-AC4B-763B076E107D}.Release|Any CPU.Build.0 = Release|Any CPU
		{C2B71E7B-473A-4033-B0D7-C12DA97AFC3D}.Debug|Any CPU.ActiveCfg = Debug|Any CPU
		{C2B71E7B-473A-4033-B0D7-C12DA97AFC3D}.Debug|Any CPU.Build.0 = Debug|Any CPU
		{C2B71E7B-473A-4033-B0D7-C12DA97AFC3D}.Release|Any CPU.ActiveCfg = Release|Any CPU
		{C2B71E7B-473A-4033-B0D7-C12DA97AFC3D}.Release|Any CPU.Build.0 = Release|Any CPU
		{5C8A0796-56D9-49AE-8D76-EC0A78AA628C}.Debug|Any CPU.ActiveCfg = Debug|Any CPU
		{5C8A0796-56D9-49AE-8D76-EC0A78AA628C}.Debug|Any CPU.Build.0 = Debug|Any CPU
		{5C8A0796-56D9-49AE-8D76-EC0A78AA628C}.Release|Any CPU.ActiveCfg = Release|Any CPU
		{5C8A0796-56D9-49AE-8D76-EC0A78AA628C}.Release|Any CPU.Build.0 = Release|Any CPU
		{DA0B7AF5-BE54-4FED-8B46-BD63EA5EA8C2}.Debug|Any CPU.ActiveCfg = Debug|Any CPU
		{DA0B7AF5-BE54-4FED-8B46-BD63EA5EA8C2}.Debug|Any CPU.Build.0 = Debug|Any CPU
		{DA0B7AF5-BE54-4FED-8B46-BD63EA5EA8C2}.Release|Any CPU.ActiveCfg = Release|Any CPU
		{DA0B7AF5-BE54-4FED-8B46-BD63EA5EA8C2}.Release|Any CPU.Build.0 = Release|Any CPU
		{85BEAAA0-CB70-40FE-B3BF-A2530DF60A43}.Debug|Any CPU.ActiveCfg = Debug|Any CPU
		{85BEAAA0-CB70-40FE-B3BF-A2530DF60A43}.Debug|Any CPU.Build.0 = Debug|Any CPU
		{85BEAAA0-CB70-40FE-B3BF-A2530DF60A43}.Release|Any CPU.ActiveCfg = Release|Any CPU
		{85BEAAA0-CB70-40FE-B3BF-A2530DF60A43}.Release|Any CPU.Build.0 = Release|Any CPU
	EndGlobalSection
	GlobalSection(SolutionProperties) = preSolution
		HideSolutionNode = FALSE
	EndGlobalSection
EndGlobal
